// !$*UTF8*$!
{
	archiveVersion = 1;
	classes = {
	};
	objectVersion = 50;
	objects = {

/* Begin PBXBuildFile section */
		9F3269B51C8E254926C3E212 /* Pods_MVVM_Practice.framework in Frameworks */ = {isa = PBXBuildFile; fileRef = 0D7D56271DD2B06F7776411C /* Pods_MVVM_Practice.framework */; };
		AB111A202686220700CBC62F /* AppDelegate.swift in Sources */ = {isa = PBXBuildFile; fileRef = AB111A1F2686220700CBC62F /* AppDelegate.swift */; };
		AB111A222686220700CBC62F /* SceneDelegate.swift in Sources */ = {isa = PBXBuildFile; fileRef = AB111A212686220700CBC62F /* SceneDelegate.swift */; };
		AB111A242686220700CBC62F /* ViewController.swift in Sources */ = {isa = PBXBuildFile; fileRef = AB111A232686220700CBC62F /* ViewController.swift */; };
		AB111A272686220700CBC62F /* Main.storyboard in Resources */ = {isa = PBXBuildFile; fileRef = AB111A252686220700CBC62F /* Main.storyboard */; };
		AB111A292686220800CBC62F /* Assets.xcassets in Resources */ = {isa = PBXBuildFile; fileRef = AB111A282686220800CBC62F /* Assets.xcassets */; };
		AB111A2C2686220800CBC62F /* LaunchScreen.storyboard in Resources */ = {isa = PBXBuildFile; fileRef = AB111A2A2686220800CBC62F /* LaunchScreen.storyboard */; };
		AB111A342686240200CBC62F /* ArticleViewModel.swift in Sources */ = {isa = PBXBuildFile; fileRef = AB111A332686240200CBC62F /* ArticleViewModel.swift */; };
		AB7ADD82268626A4002FB324 /* CustomTableViewCell.swift in Sources */ = {isa = PBXBuildFile; fileRef = AB7ADD80268626A4002FB324 /* CustomTableViewCell.swift */; };
		AB7ADD83268626A4002FB324 /* CustomTableViewCell.xib in Resources */ = {isa = PBXBuildFile; fileRef = AB7ADD81268626A4002FB324 /* CustomTableViewCell.xib */; };
		AB7ADD85268626DE002FB324 /* Article.swift in Sources */ = {isa = PBXBuildFile; fileRef = AB7ADD84268626DE002FB324 /* Article.swift */; };
/* End PBXBuildFile section */

/* Begin PBXFileReference section */
		093ADE17BEFE26F8DA703C5D /* Pods-MVVM-Practice.debug.xcconfig */ = {isa = PBXFileReference; includeInIndex = 1; lastKnownFileType = text.xcconfig; name = "Pods-MVVM-Practice.debug.xcconfig"; path = "Target Support Files/Pods-MVVM-Practice/Pods-MVVM-Practice.debug.xcconfig"; sourceTree = "<group>"; };
		0D7D56271DD2B06F7776411C /* Pods_MVVM_Practice.framework */ = {isa = PBXFileReference; explicitFileType = wrapper.framework; includeInIndex = 0; path = Pods_MVVM_Practice.framework; sourceTree = BUILT_PRODUCTS_DIR; };
		AB111A1C2686220700CBC62F /* MVVM-Practice.app */ = {isa = PBXFileReference; explicitFileType = wrapper.application; includeInIndex = 0; path = "MVVM-Practice.app"; sourceTree = BUILT_PRODUCTS_DIR; };
		AB111A1F2686220700CBC62F /* AppDelegate.swift */ = {isa = PBXFileReference; lastKnownFileType = sourcecode.swift; path = AppDelegate.swift; sourceTree = "<group>"; };
		AB111A212686220700CBC62F /* SceneDelegate.swift */ = {isa = PBXFileReference; lastKnownFileType = sourcecode.swift; path = SceneDelegate.swift; sourceTree = "<group>"; };
		AB111A232686220700CBC62F /* ViewController.swift */ = {isa = PBXFileReference; lastKnownFileType = sourcecode.swift; path = ViewController.swift; sourceTree = "<group>"; };
		AB111A262686220700CBC62F /* Base */ = {isa = PBXFileReference; lastKnownFileType = file.storyboard; name = Base; path = Base.lproj/Main.storyboard; sourceTree = "<group>"; };
		AB111A282686220800CBC62F /* Assets.xcassets */ = {isa = PBXFileReference; lastKnownFileType = folder.assetcatalog; path = Assets.xcassets; sourceTree = "<group>"; };
		AB111A2B2686220800CBC62F /* Base */ = {isa = PBXFileReference; lastKnownFileType = file.storyboard; name = Base; path = Base.lproj/LaunchScreen.storyboard; sourceTree = "<group>"; };
		AB111A2D2686220800CBC62F /* Info.plist */ = {isa = PBXFileReference; lastKnownFileType = text.plist.xml; path = Info.plist; sourceTree = "<group>"; };
		AB111A332686240200CBC62F /* ArticleViewModel.swift */ = {isa = PBXFileReference; lastKnownFileType = sourcecode.swift; path = ArticleViewModel.swift; sourceTree = "<group>"; };
		AB7ADD80268626A4002FB324 /* CustomTableViewCell.swift */ = {isa = PBXFileReference; lastKnownFileType = sourcecode.swift; path = CustomTableViewCell.swift; sourceTree = "<group>"; };
		AB7ADD81268626A4002FB324 /* CustomTableViewCell.xib */ = {isa = PBXFileReference; lastKnownFileType = file.xib; path = CustomTableViewCell.xib; sourceTree = "<group>"; };
		AB7ADD84268626DE002FB324 /* Article.swift */ = {isa = PBXFileReference; lastKnownFileType = sourcecode.swift; path = Article.swift; sourceTree = "<group>"; };
		AF12C79B0337C4DD592E2B20 /* Pods-MVVM-Practice.release.xcconfig */ = {isa = PBXFileReference; includeInIndex = 1; lastKnownFileType = text.xcconfig; name = "Pods-MVVM-Practice.release.xcconfig"; path = "Target Support Files/Pods-MVVM-Practice/Pods-MVVM-Practice.release.xcconfig"; sourceTree = "<group>"; };
/* End PBXFileReference section */

/* Begin PBXFrameworksBuildPhase section */
		AB111A192686220700CBC62F /* Frameworks */ = {
			isa = PBXFrameworksBuildPhase;
			buildActionMask = 2147483647;
			files = (
				9F3269B51C8E254926C3E212 /* Pods_MVVM_Practice.framework in Frameworks */,
			);
			runOnlyForDeploymentPostprocessing = 0;
		};
/* End PBXFrameworksBuildPhase section */

/* Begin PBXGroup section */
		023FB4B115D4EBBBEEAE9D22 /* Pods */ = {
			isa = PBXGroup;
			children = (
				093ADE17BEFE26F8DA703C5D /* Pods-MVVM-Practice.debug.xcconfig */,
				AF12C79B0337C4DD592E2B20 /* Pods-MVVM-Practice.release.xcconfig */,
			);
			name = Pods;
			path = Pods;
			sourceTree = "<group>";
		};
		A4C3A7B9D3A4DC3A169AA5C0 /* Frameworks */ = {
			isa = PBXGroup;
			children = (
				0D7D56271DD2B06F7776411C /* Pods_MVVM_Practice.framework */,
			);
			name = Frameworks;
			sourceTree = "<group>";
		};
		AB111A132686220700CBC62F = {
			isa = PBXGroup;
			children = (
				AB111A1E2686220700CBC62F /* MVVM-Practice */,
				AB111A1D2686220700CBC62F /* Products */,
				023FB4B115D4EBBBEEAE9D22 /* Pods */,
				A4C3A7B9D3A4DC3A169AA5C0 /* Frameworks */,
			);
			sourceTree = "<group>";
		};
		AB111A1D2686220700CBC62F /* Products */ = {
			isa = PBXGroup;
			children = (
				AB111A1C2686220700CBC62F /* MVVM-Practice.app */,
			);
			name = Products;
			sourceTree = "<group>";
		};
		AB111A1E2686220700CBC62F /* MVVM-Practice */ = {
			isa = PBXGroup;
			children = (
				ABA2A389268776B2000072D6 /* StopWatch */,
				AB7ADD86268631F6002FB324 /* Model */,
				AB7ADD87268631FE002FB324 /* ViewModel */,
				AB7ADD8826863204002FB324 /* View */,
				AB111A1F2686220700CBC62F /* AppDelegate.swift */,
				AB111A212686220700CBC62F /* SceneDelegate.swift */,
				AB111A282686220800CBC62F /* Assets.xcassets */,
				AB111A2A2686220800CBC62F /* LaunchScreen.storyboard */,
				AB111A2D2686220800CBC62F /* Info.plist */,
			);
			path = "MVVM-Practice";
			sourceTree = "<group>";
		};
		AB7ADD86268631F6002FB324 /* Model */ = {
			isa = PBXGroup;
			children = (
				AB7ADD84268626DE002FB324 /* Article.swift */,
			);
			path = Model;
			sourceTree = "<group>";
		};
		AB7ADD87268631FE002FB324 /* ViewModel */ = {
			isa = PBXGroup;
			children = (
				AB111A332686240200CBC62F /* ArticleViewModel.swift */,
			);
			path = ViewModel;
			sourceTree = "<group>";
		};
		AB7ADD8826863204002FB324 /* View */ = {
			isa = PBXGroup;
			children = (
				AB111A252686220700CBC62F /* Main.storyboard */,
				AB7ADD8A26863233002FB324 /* Cell */,
				AB7ADD8926863210002FB324 /* Controller */,
			);
			path = View;
			sourceTree = "<group>";
		};
		AB7ADD8926863210002FB324 /* Controller */ = {
			isa = PBXGroup;
			children = (
				AB111A232686220700CBC62F /* ViewController.swift */,
			);
			path = Controller;
			sourceTree = "<group>";
		};
		AB7ADD8A26863233002FB324 /* Cell */ = {
			isa = PBXGroup;
			children = (
				AB7ADD80268626A4002FB324 /* CustomTableViewCell.swift */,
				AB7ADD81268626A4002FB324 /* CustomTableViewCell.xib */,
			);
			path = Cell;
			sourceTree = "<group>";
		};
		ABA2A389268776B2000072D6 /* StopWatch */ = {
			isa = PBXGroup;
			children = (
				ABA2A38A268776C2000072D6 /* Model */,
				ABA2A38B268776C7000072D6 /* ViewModel */,
				ABA2A38C268776CC000072D6 /* View */,
			);
			path = StopWatch;
			sourceTree = "<group>";
		};
		ABA2A38A268776C2000072D6 /* Model */ = {
			isa = PBXGroup;
			children = (
			);
			path = Model;
			sourceTree = "<group>";
		};
		ABA2A38B268776C7000072D6 /* ViewModel */ = {
			isa = PBXGroup;
			children = (
			);
			path = ViewModel;
			sourceTree = "<group>";
		};
		ABA2A38C268776CC000072D6 /* View */ = {
			isa = PBXGroup;
			children = (
			);
			path = View;
			sourceTree = "<group>";
		};
/* End PBXGroup section */

/* Begin PBXNativeTarget section */
		AB111A1B2686220700CBC62F /* MVVM-Practice */ = {
			isa = PBXNativeTarget;
			buildConfigurationList = AB111A302686220800CBC62F /* Build configuration list for PBXNativeTarget "MVVM-Practice" */;
			buildPhases = (
				5424A5FE11D245E5E11F82E2 /* [CP] Check Pods Manifest.lock */,
				AB111A182686220700CBC62F /* Sources */,
				AB111A192686220700CBC62F /* Frameworks */,
				AB111A1A2686220700CBC62F /* Resources */,
				6D6F2D9C78F6C97E2B52B471 /* [CP] Embed Pods Frameworks */,
			);
			buildRules = (
			);
			dependencies = (
			);
			name = "MVVM-Practice";
			productName = "MVVM-Practice";
			productReference = AB111A1C2686220700CBC62F /* MVVM-Practice.app */;
			productType = "com.apple.product-type.application";
		};
/* End PBXNativeTarget section */

/* Begin PBXProject section */
		AB111A142686220700CBC62F /* Project object */ = {
			isa = PBXProject;
			attributes = {
				LastSwiftUpdateCheck = 1250;
				LastUpgradeCheck = 1250;
				TargetAttributes = {
					AB111A1B2686220700CBC62F = {
						CreatedOnToolsVersion = 12.5.1;
					};
				};
			};
			buildConfigurationList = AB111A172686220700CBC62F /* Build configuration list for PBXProject "MVVM-Practice" */;
			compatibilityVersion = "Xcode 9.3";
			developmentRegion = en;
			hasScannedForEncodings = 0;
			knownRegions = (
				en,
				Base,
			);
			mainGroup = AB111A132686220700CBC62F;
			productRefGroup = AB111A1D2686220700CBC62F /* Products */;
			projectDirPath = "";
			projectRoot = "";
			targets = (
				AB111A1B2686220700CBC62F /* MVVM-Practice */,
			);
		};
/* End PBXProject section */

/* Begin PBXResourcesBuildPhase section */
		AB111A1A2686220700CBC62F /* Resources */ = {
			isa = PBXResourcesBuildPhase;
			buildActionMask = 2147483647;
			files = (
				AB111A2C2686220800CBC62F /* LaunchScreen.storyboard in Resources */,
				AB111A292686220800CBC62F /* Assets.xcassets in Resources */,
				AB7ADD83268626A4002FB324 /* CustomTableViewCell.xib in Resources */,
				AB111A272686220700CBC62F /* Main.storyboard in Resources */,
			);
			runOnlyForDeploymentPostprocessing = 0;
		};
/* End PBXResourcesBuildPhase section */

/* Begin PBXShellScriptBuildPhase section */
		5424A5FE11D245E5E11F82E2 /* [CP] Check Pods Manifest.lock */ = {
			isa = PBXShellScriptBuildPhase;
			buildActionMask = 2147483647;
			files = (
			);
			inputFileListPaths = (
			);
			inputPaths = (
				"${PODS_PODFILE_DIR_PATH}/Podfile.lock",
				"${PODS_ROOT}/Manifest.lock",
			);
			name = "[CP] Check Pods Manifest.lock";
			outputFileListPaths = (
			);
			outputPaths = (
				"$(DERIVED_FILE_DIR)/Pods-MVVM-Practice-checkManifestLockResult.txt",
			);
			runOnlyForDeploymentPostprocessing = 0;
			shellPath = /bin/sh;
			shellScript = "diff \"${PODS_PODFILE_DIR_PATH}/Podfile.lock\" \"${PODS_ROOT}/Manifest.lock\" > /dev/null\nif [ $? != 0 ] ; then\n    # print error to STDERR\n    echo \"error: The sandbox is not in sync with the Podfile.lock. Run 'pod install' or update your CocoaPods installation.\" >&2\n    exit 1\nfi\n# This output is used by Xcode 'outputs' to avoid re-running this script phase.\necho \"SUCCESS\" > \"${SCRIPT_OUTPUT_FILE_0}\"\n";
			showEnvVarsInLog = 0;
		};
		6D6F2D9C78F6C97E2B52B471 /* [CP] Embed Pods Frameworks */ = {
			isa = PBXShellScriptBuildPhase;
			buildActionMask = 2147483647;
			files = (
			);
			inputFileListPaths = (
				"${PODS_ROOT}/Target Support Files/Pods-MVVM-Practice/Pods-MVVM-Practice-frameworks-${CONFIGURATION}-input-files.xcfilelist",
			);
			name = "[CP] Embed Pods Frameworks";
			outputFileListPaths = (
				"${PODS_ROOT}/Target Support Files/Pods-MVVM-Practice/Pods-MVVM-Practice-frameworks-${CONFIGURATION}-output-files.xcfilelist",
			);
			runOnlyForDeploymentPostprocessing = 0;
			shellPath = /bin/sh;
			shellScript = "\"${PODS_ROOT}/Target Support Files/Pods-MVVM-Practice/Pods-MVVM-Practice-frameworks.sh\"\n";
			showEnvVarsInLog = 0;
		};
/* End PBXShellScriptBuildPhase section */

/* Begin PBXSourcesBuildPhase section */
		AB111A182686220700CBC62F /* Sources */ = {
			isa = PBXSourcesBuildPhase;
			buildActionMask = 2147483647;
			files = (
				AB111A242686220700CBC62F /* ViewController.swift in Sources */,
				AB7ADD82268626A4002FB324 /* CustomTableViewCell.swift in Sources */,
				AB7ADD85268626DE002FB324 /* Article.swift in Sources */,
				AB111A342686240200CBC62F /* ArticleViewModel.swift in Sources */,
				AB111A202686220700CBC62F /* AppDelegate.swift in Sources */,
				AB111A222686220700CBC62F /* SceneDelegate.swift in Sources */,
			);
			runOnlyForDeploymentPostprocessing = 0;
		};
/* End PBXSourcesBuildPhase section */

/* Begin PBXVariantGroup section */
		AB111A252686220700CBC62F /* Main.storyboard */ = {
			isa = PBXVariantGroup;
			children = (
				AB111A262686220700CBC62F /* Base */,
			);
			name = Main.storyboard;
			sourceTree = "<group>";
		};
		AB111A2A2686220800CBC62F /* LaunchScreen.storyboard */ = {
			isa = PBXVariantGroup;
			children = (
				AB111A2B2686220800CBC62F /* Base */,
			);
			name = LaunchScreen.storyboard;
			sourceTree = "<group>";
		};
/* End PBXVariantGroup section */

/* Begin XCBuildConfiguration section */
		AB111A2E2686220800CBC62F /* Debug */ = {
			isa = XCBuildConfiguration;
			buildSettings = {
				ALWAYS_SEARCH_USER_PATHS = NO;
				CLANG_ANALYZER_NONNULL = YES;
				CLANG_ANALYZER_NUMBER_OBJECT_CONVERSION = YES_AGGRESSIVE;
				CLANG_CXX_LANGUAGE_STANDARD = "gnu++14";
				CLANG_CXX_LIBRARY = "libc++";
				CLANG_ENABLE_MODULES = YES;
				CLANG_ENABLE_OBJC_ARC = YES;
				CLANG_ENABLE_OBJC_WEAK = YES;
				CLANG_WARN_BLOCK_CAPTURE_AUTORELEASING = YES;
				CLANG_WARN_BOOL_CONVERSION = YES;
				CLANG_WARN_COMMA = YES;
				CLANG_WARN_CONSTANT_CONVERSION = YES;
				CLANG_WARN_DEPRECATED_OBJC_IMPLEMENTATIONS = YES;
				CLANG_WARN_DIRECT_OBJC_ISA_USAGE = YES_ERROR;
				CLANG_WARN_DOCUMENTATION_COMMENTS = YES;
				CLANG_WARN_EMPTY_BODY = YES;
				CLANG_WARN_ENUM_CONVERSION = YES;
				CLANG_WARN_INFINITE_RECURSION = YES;
				CLANG_WARN_INT_CONVERSION = YES;
				CLANG_WARN_NON_LITERAL_NULL_CONVERSION = YES;
				CLANG_WARN_OBJC_IMPLICIT_RETAIN_SELF = YES;
				CLANG_WARN_OBJC_LITERAL_CONVERSION = YES;
				CLANG_WARN_OBJC_ROOT_CLASS = YES_ERROR;
				CLANG_WARN_QUOTED_INCLUDE_IN_FRAMEWORK_HEADER = YES;
				CLANG_WARN_RANGE_LOOP_ANALYSIS = YES;
				CLANG_WARN_STRICT_PROTOTYPES = YES;
				CLANG_WARN_SUSPICIOUS_MOVE = YES;
				CLANG_WARN_UNGUARDED_AVAILABILITY = YES_AGGRESSIVE;
				CLANG_WARN_UNREACHABLE_CODE = YES;
				CLANG_WARN__DUPLICATE_METHOD_MATCH = YES;
				COPY_PHASE_STRIP = NO;
				DEBUG_INFORMATION_FORMAT = dwarf;
				ENABLE_STRICT_OBJC_MSGSEND = YES;
				ENABLE_TESTABILITY = YES;
				"EXCLUDED_ARCHS[sdk=*]" = arm64;
				GCC_C_LANGUAGE_STANDARD = gnu11;
				GCC_DYNAMIC_NO_PIC = NO;
				GCC_NO_COMMON_BLOCKS = YES;
				GCC_OPTIMIZATION_LEVEL = 0;
				GCC_PREPROCESSOR_DEFINITIONS = (
					"DEBUG=1",
					"$(inherited)",
				);
				GCC_WARN_64_TO_32_BIT_CONVERSION = YES;
				GCC_WARN_ABOUT_RETURN_TYPE = YES_ERROR;
				GCC_WARN_UNDECLARED_SELECTOR = YES;
				GCC_WARN_UNINITIALIZED_AUTOS = YES_AGGRESSIVE;
				GCC_WARN_UNUSED_FUNCTION = YES;
				GCC_WARN_UNUSED_VARIABLE = YES;
				IPHONEOS_DEPLOYMENT_TARGET = 14.5;
				MTL_ENABLE_DEBUG_INFO = INCLUDE_SOURCE;
				MTL_FAST_MATH = YES;
				ONLY_ACTIVE_ARCH = YES;
				SDKROOT = iphoneos;
				SWIFT_ACTIVE_COMPILATION_CONDITIONS = DEBUG;
				SWIFT_OPTIMIZATION_LEVEL = "-Onone";
			};
			name = Debug;
		};
		AB111A2F2686220800CBC62F /* Release */ = {
			isa = XCBuildConfiguration;
			buildSettings = {
				ALWAYS_SEARCH_USER_PATHS = NO;
				CLANG_ANALYZER_NONNULL = YES;
				CLANG_ANALYZER_NUMBER_OBJECT_CONVERSION = YES_AGGRESSIVE;
				CLANG_CXX_LANGUAGE_STANDARD = "gnu++14";
				CLANG_CXX_LIBRARY = "libc++";
				CLANG_ENABLE_MODULES = YES;
				CLANG_ENABLE_OBJC_ARC = YES;
				CLANG_ENABLE_OBJC_WEAK = YES;
				CLANG_WARN_BLOCK_CAPTURE_AUTORELEASING = YES;
				CLANG_WARN_BOOL_CONVERSION = YES;
				CLANG_WARN_COMMA = YES;
				CLANG_WARN_CONSTANT_CONVERSION = YES;
				CLANG_WARN_DEPRECATED_OBJC_IMPLEMENTATIONS = YES;
				CLANG_WARN_DIRECT_OBJC_ISA_USAGE = YES_ERROR;
				CLANG_WARN_DOCUMENTATION_COMMENTS = YES;
				CLANG_WARN_EMPTY_BODY = YES;
				CLANG_WARN_ENUM_CONVERSION = YES;
				CLANG_WARN_INFINITE_RECURSION = YES;
				CLANG_WARN_INT_CONVERSION = YES;
				CLANG_WARN_NON_LITERAL_NULL_CONVERSION = YES;
				CLANG_WARN_OBJC_IMPLICIT_RETAIN_SELF = YES;
				CLANG_WARN_OBJC_LITERAL_CONVERSION = YES;
				CLANG_WARN_OBJC_ROOT_CLASS = YES_ERROR;
				CLANG_WARN_QUOTED_INCLUDE_IN_FRAMEWORK_HEADER = YES;
				CLANG_WARN_RANGE_LOOP_ANALYSIS = YES;
				CLANG_WARN_STRICT_PROTOTYPES = YES;
				CLANG_WARN_SUSPICIOUS_MOVE = YES;
				CLANG_WARN_UNGUARDED_AVAILABILITY = YES_AGGRESSIVE;
				CLANG_WARN_UNREACHABLE_CODE = YES;
				CLANG_WARN__DUPLICATE_METHOD_MATCH = YES;
				COPY_PHASE_STRIP = NO;
				DEBUG_INFORMATION_FORMAT = "dwarf-with-dsym";
				ENABLE_NS_ASSERTIONS = NO;
				ENABLE_STRICT_OBJC_MSGSEND = YES;
				"EXCLUDED_ARCHS[sdk=*]" = arm64;
				GCC_C_LANGUAGE_STANDARD = gnu11;
				GCC_NO_COMMON_BLOCKS = YES;
				GCC_WARN_64_TO_32_BIT_CONVERSION = YES;
				GCC_WARN_ABOUT_RETURN_TYPE = YES_ERROR;
				GCC_WARN_UNDECLARED_SELECTOR = YES;
				GCC_WARN_UNINITIALIZED_AUTOS = YES_AGGRESSIVE;
				GCC_WARN_UNUSED_FUNCTION = YES;
				GCC_WARN_UNUSED_VARIABLE = YES;
				IPHONEOS_DEPLOYMENT_TARGET = 14.5;
				MTL_ENABLE_DEBUG_INFO = NO;
				MTL_FAST_MATH = YES;
				ONLY_ACTIVE_ARCH = YES;
				SDKROOT = iphoneos;
				SWIFT_COMPILATION_MODE = wholemodule;
				SWIFT_OPTIMIZATION_LEVEL = "-O";
				VALIDATE_PRODUCT = YES;
			};
			name = Release;
		};
		AB111A312686220800CBC62F /* Debug */ = {
			isa = XCBuildConfiguration;
			baseConfigurationReference = 093ADE17BEFE26F8DA703C5D /* Pods-MVVM-Practice.debug.xcconfig */;
			buildSettings = {
				ASSETCATALOG_COMPILER_APPICON_NAME = AppIcon;
				ASSETCATALOG_COMPILER_GLOBAL_ACCENT_COLOR_NAME = AccentColor;
				CODE_SIGN_STYLE = Automatic;
				DEVELOPMENT_TEAM = 242KS3V77L;
				INFOPLIST_FILE = "MVVM-Practice/Info.plist";
				LD_RUNPATH_SEARCH_PATHS = (
					"$(inherited)",
					"@executable_path/Frameworks",
				);
				PRODUCT_BUNDLE_IDENTIFIER = "oonishireon.MVVM-Practice";
				PRODUCT_NAME = "$(TARGET_NAME)";
				SWIFT_VERSION = 5.0;
				TARGETED_DEVICE_FAMILY = "1,2";
			};
			name = Debug;
		};
		AB111A322686220800CBC62F /* Release */ = {
			isa = XCBuildConfiguration;
			baseConfigurationReference = AF12C79B0337C4DD592E2B20 /* Pods-MVVM-Practice.release.xcconfig */;
			buildSettings = {
				ASSETCATALOG_COMPILER_APPICON_NAME = AppIcon;
				ASSETCATALOG_COMPILER_GLOBAL_ACCENT_COLOR_NAME = AccentColor;
				CODE_SIGN_STYLE = Automatic;
				DEVELOPMENT_TEAM = 242KS3V77L;
				INFOPLIST_FILE = "MVVM-Practice/Info.plist";
				LD_RUNPATH_SEARCH_PATHS = (
					"$(inherited)",
					"@executable_path/Frameworks",
				);
				PRODUCT_BUNDLE_IDENTIFIER = "oonishireon.MVVM-Practice";
				PRODUCT_NAME = "$(TARGET_NAME)";
				SWIFT_VERSION = 5.0;
				TARGETED_DEVICE_FAMILY = "1,2";
			};
			name = Release;
		};
/* End XCBuildConfiguration section */

/* Begin XCConfigurationList section */
		AB111A172686220700CBC62F /* Build configuration list for PBXProject "MVVM-Practice" */ = {
			isa = XCConfigurationList;
			buildConfigurations = (
				AB111A2E2686220800CBC62F /* Debug */,
				AB111A2F2686220800CBC62F /* Release */,
			);
			defaultConfigurationIsVisible = 0;
			defaultConfigurationName = Release;
		};
		AB111A302686220800CBC62F /* Build configuration list for PBXNativeTarget "MVVM-Practice" */ = {
			isa = XCConfigurationList;
			buildConfigurations = (
				AB111A312686220800CBC62F /* Debug */,
				AB111A322686220800CBC62F /* Release */,
			);
			defaultConfigurationIsVisible = 0;
			defaultConfigurationName = Release;
		};
/* End XCConfigurationList section */
	};
	rootObject = AB111A142686220700CBC62F /* Project object */;
}
